{
    "_meta": {
        "hash": {
            "sha256": "b2ba4c101ed4a8d4c4dd79124a3d39eb8ed1df0017b647b88426d1e5ce912611"
        },
        "pipfile-spec": 6,
        "requires": {
            "python_version": "3"
        },
        "sources": [
            {
                "name": "pypi",
                "url": "https://pypi.org/simple",
                "verify_ssl": true
            }
        ]
    },
    "default": {
        "attrs": {
            "hashes": [
                "sha256:427318ce031701fea540783410126f03899a97ffc6f61596ad581ac2e40e3bc3",
                "sha256:75d7cefc7fb576747b2c81b4442d4d4a1ce0900973527c011d1030fd3bf4af1b"
            ],
            "markers": "python_version >= '3.8'",
            "version": "==25.3.0"
        },
        "cattrs": {
            "hashes": [
                "sha256:981a6ef05875b5bb0c7fb68885546186d306f10f0f6718fe9b96c226e68821ff",
                "sha256:adf957dddd26840f27ffbd060a6c4dd3b2192c5b7c2c0525ef1bd8131d8a83f5"
            ],
            "markers": "python_version >= '3.8'",
            "version": "==24.1.3"
        },
        "cdktf": {
            "hashes": [
                "sha256:673ac0c9cd9e10aee5dae95a668e6969793b6d4297d1eb67817c25b31494614b",
                "sha256:9280beb6b33a322d857749104364482e82ae260e6e9131d33f1611ef72e7fe56"
            ],
            "index": "pypi",
            "markers": "python_version ~= '3.8'",
            "version": "==0.20.12"
        },
        "cdktf-cdktf-provider-aws": {
            "hashes": [
                "sha256:4a455c1edbe13d496dfe64d2da1cc99e9e8c01402cc65430f2d533bb1a615fea",
                "sha256:50a6ca0dbcea3d640161323939d9eb6515bd1c018b018e5c491652100753b1da"
            ],
            "index": "pypi",
            "markers": "python_version ~= '3.9'",
            "version": "==19.65.1"
        },
        "constructs": {
            "hashes": [
                "sha256:1f0f59b004edebfde0f826340698b8c34611f57848139b7954904c61645f13c1",
                "sha256:ce54724360fffe10bab27d8a081844eb81f5ace7d7c62c84b719c49f164d5307"
            ],
            "markers": "python_version ~= '3.8'",
            "version": "==10.4.2"
        },
        "importlib-resources": {
            "hashes": [
                "sha256:185f87adef5bcc288449d98fb4fba07cea78bc036455dd44c5fc4a2fe78fed2c",
                "sha256:789cfdc3ed28c78b67a06acb8126751ced69a3d5f79c095a98298cd8a760ccec"
            ],
            "markers": "python_version >= '3.9'",
            "version": "==6.5.2"
        },
        "iniconfig": {
            "hashes": [
                "sha256:3abbd2e30b36733fee78f9c7f7308f2d0050e88f0087fd25c2645f63c773e1c7",
                "sha256:9deba5723312380e77435581c6bf4935c94cbfab9b1ed33ef8d238ea168eb760"
            ],
            "markers": "python_version >= '3.8'",
            "version": "==2.1.0"
        },
        "jsii": {
            "hashes": [
                "sha256:6510c223074d9b206fd0570849a791e4d9ecfff7ffe68428de73870cea9f55a1",
                "sha256:6b7d19f361c2565b76828ecbe8cbed8b8d6028a82aa98a46b206a4ee5083157e"
            ],
            "markers": "python_version ~= '3.9'",
            "version": "==1.112.0"
        },
        "packaging": {
            "hashes": [
                "sha256:29572ef2b1f17581046b3a2227d5c611fb25ec70ca1ba8554b24b0e69331a484",
                "sha256:d443872c98d677bf60f6a1f2f8c1cb748e8fe762d2bf9d3148b5599295b0fc4f"
            ],
            "markers": "python_version >= '3.8'",
            "version": "==25.0"
        },
        "pluggy": {
            "hashes": [
                "sha256:7dcc130b76258d33b90f61b658791dede3486c3e6bfb003ee5c9bfb396dd22f3",
                "sha256:e920276dd6813095e9377c0bc5566d94c932c33b27a3e3945d8389c374dd4746"
            ],
            "markers": "python_version >= '3.9'",
            "version": "==1.6.0"
        },
        "publication": {
            "hashes": [
                "sha256:0248885351febc11d8a1098d5c8e3ab2dabcf3e8c0c96db1e17ecd12b53afbe6",
                "sha256:68416a0de76dddcdd2930d1c8ef853a743cc96c82416c4e4d3b5d901c6276dc4"
            ],
            "version": "==0.0.3"
        },
        "pygments": {
            "hashes": [
                "sha256:636cb2477cec7f8952536970bc533bc43743542f70392ae026374600add5b887",
                "sha256:86540386c03d588bb81d44bc3928634ff26449851e99741617ecb9037ee5ec0b"
            ],
            "markers": "python_version >= '3.8'",
            "version": "==2.19.2"
        },
        "pytest": {
            "hashes": [
                "sha256:539c70ba6fcead8e78eebbf1115e8b589e7565830d7d006a8723f19ac8a0afb7",
                "sha256:7c67fd69174877359ed9371ec3af8a3d2b04741818c51e5e99cc1742251fa93c"
            ],
            "index": "pypi",
            "markers": "python_version >= '3.9'",
            "version": "==8.4.1"
        },
        "python-dateutil": {
            "hashes": [
                "sha256:37dd54208da7e1cd875388217d5e00ebd4179249f90fb72437e91a35459a0ad3",
                "sha256:a8b2bc7bffae282281c8140a97d3aa9c14da0b136dfe83f850eea9a5f7470427"
            ],
            "markers": "python_version >= '2.7' and python_version not in '3.0, 3.1, 3.2'",
            "version": "==2.9.0.post0"
        },
        "six": {
            "hashes": [
                "sha256:4721f391ed90541fddacab5acf947aa0d3dc7d27b2e1e8eda2be8970586c3274",
                "sha256:ff70335d468e7eb6ec65b95b99d3a2836546063f63acc5171de367e834932a81"
            ],
            "markers": "python_version >= '2.7' and python_version not in '3.0, 3.1, 3.2'",
            "version": "==1.17.0"
        },
        "typeguard": {
            "hashes": [
                "sha256:00edaa8da3a133674796cf5ea87d9f4b4c367d77476e185e80251cc13dfbb8c4",
                "sha256:5e3e3be01e887e7eafae5af63d1f36c849aaa94e3a0112097312aabfa16284f1"
            ],
            "markers": "python_full_version >= '3.5.3'",
            "version": "==2.13.3"
        },
        "typing-extensions": {
            "hashes": [
                "sha256:8676b788e32f02ab42d9e7c61324048ae4c6d844a399eebace3d4979d75ceef4",
                "sha256:a1514509136dd0b477638fc68d6a91497af5076466ad0fa6c338e44e359944af"
            ],
            "markers": "python_version >= '3.9'",
            "version": "==4.14.0"
        }
    },
    "develop": {}
}
